
Microsoft Visual Studio Solution File, Format Version 12.00
# Visual Studio Version 16
VisualStudioVersion = 16.0.30621.155
MinimumVisualStudioVersion = 10.0.40219.1
Project("{FAE04EC0-301F-11D3-BF4B-00C04F79EFBC}") = "Data", "Data\Data.csproj", "{F1486114-2E54-498F-B345-27A527AE8CD0}"
EndProject
Project("{FAE04EC0-301F-11D3-BF4B-00C04F79EFBC}") = "Services", "Services\Services.csproj", "{71D9EDEF-E53D-4102-ABB8-48EF8B697748}"
EndProject
Project("{FAE04EC0-301F-11D3-BF4B-00C04F79EFBC}") = "Server", "Server\Server.csproj", "{1B9342BE-1EAD-4159-AA69-489B80B4250E}"
EndProject
Project("{FAE04EC0-301F-11D3-BF4B-00C04F79EFBC}") = "Client", "Client\Client.csproj", "{1E177A62-FCB4-454E-9C3E-2250D3F563E0}"
EndProject
Global
	GlobalSection(SolutionConfigurationPlatforms) = preSolution
		Debug|Any CPU = Debug|Any CPU
		Release|Any CPU = Release|Any CPU
	EndGlobalSection
	GlobalSection(ProjectConfigurationPlatforms) = postSolution
		{F1486114-2E54-498F-B345-27A527AE8CD0}.Debug|Any CPU.ActiveCfg = Debug|Any CPU
		{F1486114-2E54-498F-B345-27A527AE8CD0}.Debug|Any CPU.Build.0 = Debug|Any CPU
		{F1486114-2E54-498F-B345-27A527AE8CD0}.Release|Any CPU.ActiveCfg = Release|Any CPU
		{F1486114-2E54-498F-B345-27A527AE8CD0}.Release|Any CPU.Build.0 = Release|Any CPU
		{71D9EDEF-E53D-4102-ABB8-48EF8B697748}.Debug|Any CPU.ActiveCfg = Debug|Any CPU
		{71D9EDEF-E53D-4102-ABB8-48EF8B697748}.Debug|Any CPU.Build.0 = Debug|Any CPU
		{71D9EDEF-E53D-4102-ABB8-48EF8B697748}.Release|Any CPU.ActiveCfg = Release|Any CPU
		{71D9EDEF-E53D-4102-ABB8-48EF8B697748}.Release|Any CPU.Build.0 = Release|Any CPU
		{1B9342BE-1EAD-4159-AA69-489B80B4250E}.Debug|Any CPU.ActiveCfg = Debug|Any CPU
		{1B9342BE-1EAD-4159-AA69-489B80B4250E}.Debug|Any CPU.Build.0 = Debug|Any CPU
		{1B9342BE-1EAD-4159-AA69-489B80B4250E}.Release|Any CPU.ActiveCfg = Release|Any CPU
		{1B9342BE-1EAD-4159-AA69-489B80B4250E}.Release|Any CPU.Build.0 = Release|Any CPU
		{1E177A62-FCB4-454E-9C3E-2250D3F563E0}.Debug|Any CPU.ActiveCfg = Debug|Any CPU
		{1E177A62-FCB4-454E-9C3E-2250D3F563E0}.Debug|Any CPU.Build.0 = Debug|Any CPU
		{1E177A62-FCB4-454E-9C3E-2250D3F563E0}.Release|Any CPU.ActiveCfg = Release|Any CPU
		{1E177A62-FCB4-454E-9C3E-2250D3F563E0}.Release|Any CPU.Build.0 = Release|Any CPU
	EndGlobalSection
	GlobalSection(SolutionProperties) = preSolution
		HideSolutionNode = FALSE
	EndGlobalSection
	GlobalSection(ExtensibilityGlobals) = postSolution
		SolutionGuid = {9F5CEA8E-8DF6-4EA0-9E4C-47E384D160F7}
	EndGlobalSection
EndGlobal
